// !$*UTF8*$!
{
	archiveVersion = 1;
	classes = {
	};
	objectVersion = 56;
	objects = {

/* Begin PBXBuildFile section */
		B107C0B62B8248BC0016FD7B /* DealDashApp.swift in Sources */ = {isa = PBXBuildFile; fileRef = B107C0B52B8248BC0016FD7B /* DealDashApp.swift */; };
		B107C0BA2B8248BD0016FD7B /* Assets.xcassets in Resources */ = {isa = PBXBuildFile; fileRef = B107C0B92B8248BD0016FD7B /* Assets.xcassets */; };
		B107C0BD2B8248BD0016FD7B /* Preview Assets.xcassets in Resources */ = {isa = PBXBuildFile; fileRef = B107C0BC2B8248BD0016FD7B /* Preview Assets.xcassets */; };
		B107C0C72B8248BD0016FD7B /* DealDashTests.swift in Sources */ = {isa = PBXBuildFile; fileRef = B107C0C62B8248BD0016FD7B /* DealDashTests.swift */; };
		B107C0D12B8248BD0016FD7B /* DealDashUITests.swift in Sources */ = {isa = PBXBuildFile; fileRef = B107C0D02B8248BD0016FD7B /* DealDashUITests.swift */; };
		B107C0D32B8248BD0016FD7B /* DealDashUITestsLaunchTests.swift in Sources */ = {isa = PBXBuildFile; fileRef = B107C0D22B8248BD0016FD7B /* DealDashUITestsLaunchTests.swift */; };
		B12AE1B52B8D90D30062F93B /* ProductsViewModel.swift in Sources */ = {isa = PBXBuildFile; fileRef = B12AE1B42B8D90D30062F93B /* ProductsViewModel.swift */; };
		B12AE1B82B8D92180062F93B /* Product.swift in Sources */ = {isa = PBXBuildFile; fileRef = B12AE1B72B8D92180062F93B /* Product.swift */; };
		B12AE1BA2B8D95920062F93B /* ProductItem.swift in Sources */ = {isa = PBXBuildFile; fileRef = B12AE1B92B8D95920062F93B /* ProductItem.swift */; };
		B16997152B824A4F00276991 /* SignInView.swift in Sources */ = {isa = PBXBuildFile; fileRef = B16997142B824A4E00276991 /* SignInView.swift */; };
		B16997182B824B0400276991 /* SignInRequest.swift in Sources */ = {isa = PBXBuildFile; fileRef = B16997172B824B0400276991 /* SignInRequest.swift */; };
		B169971A2B824BD600276991 /* SignInViewModel.swift in Sources */ = {isa = PBXBuildFile; fileRef = B16997192B824BD600276991 /* SignInViewModel.swift */; };
		B169971D2B824D5D00276991 /* PasswordTextField.swift in Sources */ = {isa = PBXBuildFile; fileRef = B169971C2B824D5D00276991 /* PasswordTextField.swift */; };
		B169971F2B82521700276991 /* ITextField.swift in Sources */ = {isa = PBXBuildFile; fileRef = B169971E2B82521700276991 /* ITextField.swift */; };
		B16997212B8253A200276991 /* PrimaryButton.swift in Sources */ = {isa = PBXBuildFile; fileRef = B16997202B8253A200276991 /* PrimaryButton.swift */; };
		B16997242B825B2B00276991 /* ResultWrapper.swift in Sources */ = {isa = PBXBuildFile; fileRef = B16997232B825B2B00276991 /* ResultWrapper.swift */; };
		B16997272B825C4700276991 /* NetworkingService.swift in Sources */ = {isa = PBXBuildFile; fileRef = B16997262B825C4700276991 /* NetworkingService.swift */; };
		B16997292B825C6300276991 /* ApiEndpoint.swift in Sources */ = {isa = PBXBuildFile; fileRef = B16997282B825C6300276991 /* ApiEndpoint.swift */; };
		B16EA5492B84616300F7D830 /* netfox in Frameworks */ = {isa = PBXBuildFile; productRef = B16EA5482B84616300F7D830 /* netfox */; };
		B16EA54C2B8463F400F7D830 /* ProductsView.swift in Sources */ = {isa = PBXBuildFile; fileRef = B16EA54B2B8463F400F7D830 /* ProductsView.swift */; };
		B16EA54E2B8464F200F7D830 /* NavController.swift in Sources */ = {isa = PBXBuildFile; fileRef = B16EA54D2B8464F200F7D830 /* NavController.swift */; };
		B17798002B8456400044400E /* SignInResponse.swift in Sources */ = {isa = PBXBuildFile; fileRef = B17797FF2B8456400044400E /* SignInResponse.swift */; };
		B17798062B845A090044400E /* Constants.swift in Sources */ = {isa = PBXBuildFile; fileRef = B17798052B845A090044400E /* Constants.swift */; };
		B17798082B845A690044400E /* SessionHandler.swift in Sources */ = {isa = PBXBuildFile; fileRef = B17798072B845A690044400E /* SessionHandler.swift */; };
		B17E14312C1448360006FAB2 /* CartView.swift in Sources */ = {isa = PBXBuildFile; fileRef = B17E14302C1448360006FAB2 /* CartView.swift */; };
		B17E14332C1448500006FAB2 /* CartItemView.swift in Sources */ = {isa = PBXBuildFile; fileRef = B17E14322C1448500006FAB2 /* CartItemView.swift */; };
		B17E14352C1448EA0006FAB2 /* CartProduct.swift in Sources */ = {isa = PBXBuildFile; fileRef = B17E14342C1448EA0006FAB2 /* CartProduct.swift */; };
		B17E14372C145E8F0006FAB2 /* CartAction.swift in Sources */ = {isa = PBXBuildFile; fileRef = B17E14362C145E8F0006FAB2 /* CartAction.swift */; };
		B17E14392C1460530006FAB2 /* CartViewModel.swift in Sources */ = {isa = PBXBuildFile; fileRef = B17E14382C1460530006FAB2 /* CartViewModel.swift */; };
		B17E14402C1468FD0006FAB2 /* HLine.swift in Sources */ = {isa = PBXBuildFile; fileRef = B17E143F2C1468FD0006FAB2 /* HLine.swift */; };
		B17E14422C1480E70006FAB2 /* CollectionUtils.swift in Sources */ = {isa = PBXBuildFile; fileRef = B17E14412C1480E70006FAB2 /* CollectionUtils.swift */; };
		B18657312BBFAF48009ADDCA /* SettingsView.swift in Sources */ = {isa = PBXBuildFile; fileRef = B18657302BBFAF48009ADDCA /* SettingsView.swift */; };
		B1A792F52DD2242800059926 /* ErrorView.swift in Sources */ = {isa = PBXBuildFile; fileRef = B1A792F42DD2242800059926 /* ErrorView.swift */; };
		B1D5C8272BB13494002D3EA5 /* ProductInfoView.swift in Sources */ = {isa = PBXBuildFile; fileRef = B1D5C8262BB13494002D3EA5 /* ProductInfoView.swift */; };
		B1D5C8292BB134AE002D3EA5 /* ProductInfoViewModel.swift in Sources */ = {isa = PBXBuildFile; fileRef = B1D5C8282BB134AE002D3EA5 /* ProductInfoViewModel.swift */; };
/* End PBXBuildFile section */

/* Begin PBXContainerItemProxy section */
		B107C0C32B8248BD0016FD7B /* PBXContainerItemProxy */ = {
			isa = PBXContainerItemProxy;
			containerPortal = B107C0AA2B8248BC0016FD7B /* Project object */;
			proxyType = 1;
			remoteGlobalIDString = B107C0B12B8248BC0016FD7B;
			remoteInfo = DealDash;
		};
		B107C0CD2B8248BD0016FD7B /* PBXContainerItemProxy */ = {
			isa = PBXContainerItemProxy;
			containerPortal = B107C0AA2B8248BC0016FD7B /* Project object */;
			proxyType = 1;
			remoteGlobalIDString = B107C0B12B8248BC0016FD7B;
			remoteInfo = DealDash;
		};
/* End PBXContainerItemProxy section */

/* Begin PBXFileReference section */
		B107C0B22B8248BC0016FD7B /* DealDash.app */ = {isa = PBXFileReference; explicitFileType = wrapper.application; includeInIndex = 0; path = DealDash.app; sourceTree = BUILT_PRODUCTS_DIR; };
		B107C0B52B8248BC0016FD7B /* DealDashApp.swift */ = {isa = PBXFileReference; lastKnownFileType = sourcecode.swift; path = DealDashApp.swift; sourceTree = "<group>"; };
		B107C0B92B8248BD0016FD7B /* Assets.xcassets */ = {isa = PBXFileReference; lastKnownFileType = folder.assetcatalog; path = Assets.xcassets; sourceTree = "<group>"; };
		B107C0BC2B8248BD0016FD7B /* Preview Assets.xcassets */ = {isa = PBXFileReference; lastKnownFileType = folder.assetcatalog; path = "Preview Assets.xcassets"; sourceTree = "<group>"; };
		B107C0C22B8248BD0016FD7B /* DealDashTests.xctest */ = {isa = PBXFileReference; explicitFileType = wrapper.cfbundle; includeInIndex = 0; path = DealDashTests.xctest; sourceTree = BUILT_PRODUCTS_DIR; };
		B107C0C62B8248BD0016FD7B /* DealDashTests.swift */ = {isa = PBXFileReference; lastKnownFileType = sourcecode.swift; path = DealDashTests.swift; sourceTree = "<group>"; };
		B107C0CC2B8248BD0016FD7B /* DealDashUITests.xctest */ = {isa = PBXFileReference; explicitFileType = wrapper.cfbundle; includeInIndex = 0; path = DealDashUITests.xctest; sourceTree = BUILT_PRODUCTS_DIR; };
		B107C0D02B8248BD0016FD7B /* DealDashUITests.swift */ = {isa = PBXFileReference; lastKnownFileType = sourcecode.swift; path = DealDashUITests.swift; sourceTree = "<group>"; };
		B107C0D22B8248BD0016FD7B /* DealDashUITestsLaunchTests.swift */ = {isa = PBXFileReference; lastKnownFileType = sourcecode.swift; path = DealDashUITestsLaunchTests.swift; sourceTree = "<group>"; };
		B12AE1B42B8D90D30062F93B /* ProductsViewModel.swift */ = {isa = PBXFileReference; lastKnownFileType = sourcecode.swift; path = ProductsViewModel.swift; sourceTree = "<group>"; };
		B12AE1B72B8D92180062F93B /* Product.swift */ = {isa = PBXFileReference; lastKnownFileType = sourcecode.swift; path = Product.swift; sourceTree = "<group>"; };
		B12AE1B92B8D95920062F93B /* ProductItem.swift */ = {isa = PBXFileReference; lastKnownFileType = sourcecode.swift; path = ProductItem.swift; sourceTree = "<group>"; };
		B16997142B824A4E00276991 /* SignInView.swift */ = {isa = PBXFileReference; lastKnownFileType = sourcecode.swift; path = SignInView.swift; sourceTree = "<group>"; };
		B16997172B824B0400276991 /* SignInRequest.swift */ = {isa = PBXFileReference; lastKnownFileType = sourcecode.swift; path = SignInRequest.swift; sourceTree = "<group>"; };
		B16997192B824BD600276991 /* SignInViewModel.swift */ = {isa = PBXFileReference; lastKnownFileType = sourcecode.swift; path = SignInViewModel.swift; sourceTree = "<group>"; };
		B169971C2B824D5D00276991 /* PasswordTextField.swift */ = {isa = PBXFileReference; lastKnownFileType = sourcecode.swift; path = PasswordTextField.swift; sourceTree = "<group>"; };
		B169971E2B82521700276991 /* ITextField.swift */ = {isa = PBXFileReference; lastKnownFileType = sourcecode.swift; path = ITextField.swift; sourceTree = "<group>"; };
		B16997202B8253A200276991 /* PrimaryButton.swift */ = {isa = PBXFileReference; lastKnownFileType = sourcecode.swift; path = PrimaryButton.swift; sourceTree = "<group>"; };
		B16997232B825B2B00276991 /* ResultWrapper.swift */ = {isa = PBXFileReference; lastKnownFileType = sourcecode.swift; path = ResultWrapper.swift; sourceTree = "<group>"; };
		B16997262B825C4700276991 /* NetworkingService.swift */ = {isa = PBXFileReference; lastKnownFileType = sourcecode.swift; path = NetworkingService.swift; sourceTree = "<group>"; };
		B16997282B825C6300276991 /* ApiEndpoint.swift */ = {isa = PBXFileReference; lastKnownFileType = sourcecode.swift; path = ApiEndpoint.swift; sourceTree = "<group>"; };
		B16EA54B2B8463F400F7D830 /* ProductsView.swift */ = {isa = PBXFileReference; lastKnownFileType = sourcecode.swift; path = ProductsView.swift; sourceTree = "<group>"; };
		B16EA54D2B8464F200F7D830 /* NavController.swift */ = {isa = PBXFileReference; lastKnownFileType = sourcecode.swift; path = NavController.swift; sourceTree = "<group>"; };
		B17797FF2B8456400044400E /* SignInResponse.swift */ = {isa = PBXFileReference; lastKnownFileType = sourcecode.swift; path = SignInResponse.swift; sourceTree = "<group>"; };
		B17798052B845A090044400E /* Constants.swift */ = {isa = PBXFileReference; lastKnownFileType = sourcecode.swift; path = Constants.swift; sourceTree = "<group>"; };
		B17798072B845A690044400E /* SessionHandler.swift */ = {isa = PBXFileReference; lastKnownFileType = sourcecode.swift; path = SessionHandler.swift; sourceTree = "<group>"; };
		B17E14302C1448360006FAB2 /* CartView.swift */ = {isa = PBXFileReference; lastKnownFileType = sourcecode.swift; path = CartView.swift; sourceTree = "<group>"; };
		B17E14322C1448500006FAB2 /* CartItemView.swift */ = {isa = PBXFileReference; lastKnownFileType = sourcecode.swift; path = CartItemView.swift; sourceTree = "<group>"; };
		B17E14342C1448EA0006FAB2 /* CartProduct.swift */ = {isa = PBXFileReference; lastKnownFileType = sourcecode.swift; path = CartProduct.swift; sourceTree = "<group>"; };
		B17E14362C145E8F0006FAB2 /* CartAction.swift */ = {isa = PBXFileReference; lastKnownFileType = sourcecode.swift; path = CartAction.swift; sourceTree = "<group>"; };
		B17E14382C1460530006FAB2 /* CartViewModel.swift */ = {isa = PBXFileReference; lastKnownFileType = sourcecode.swift; path = CartViewModel.swift; sourceTree = "<group>"; };
		B17E143F2C1468FD0006FAB2 /* HLine.swift */ = {isa = PBXFileReference; lastKnownFileType = sourcecode.swift; path = HLine.swift; sourceTree = "<group>"; };
		B17E14412C1480E70006FAB2 /* CollectionUtils.swift */ = {isa = PBXFileReference; lastKnownFileType = sourcecode.swift; path = CollectionUtils.swift; sourceTree = "<group>"; };
		B18657302BBFAF48009ADDCA /* SettingsView.swift */ = {isa = PBXFileReference; lastKnownFileType = sourcecode.swift; path = SettingsView.swift; sourceTree = "<group>"; };
		B1A792F42DD2242800059926 /* ErrorView.swift */ = {isa = PBXFileReference; lastKnownFileType = sourcecode.swift; path = ErrorView.swift; sourceTree = "<group>"; };
		B1D5C8262BB13494002D3EA5 /* ProductInfoView.swift */ = {isa = PBXFileReference; lastKnownFileType = sourcecode.swift; path = ProductInfoView.swift; sourceTree = "<group>"; };
		B1D5C8282BB134AE002D3EA5 /* ProductInfoViewModel.swift */ = {isa = PBXFileReference; lastKnownFileType = sourcecode.swift; path = ProductInfoViewModel.swift; sourceTree = "<group>"; };
/* End PBXFileReference section */

/* Begin PBXFrameworksBuildPhase section */
		B107C0AF2B8248BC0016FD7B /* Frameworks */ = {
			isa = PBXFrameworksBuildPhase;
			buildActionMask = 2147483647;
			files = (
				B16EA5492B84616300F7D830 /* netfox in Frameworks */,
			);
			runOnlyForDeploymentPostprocessing = 0;
		};
		B107C0BF2B8248BD0016FD7B /* Frameworks */ = {
			isa = PBXFrameworksBuildPhase;
			buildActionMask = 2147483647;
			files = (
			);
			runOnlyForDeploymentPostprocessing = 0;
		};
		B107C0C92B8248BD0016FD7B /* Frameworks */ = {
			isa = PBXFrameworksBuildPhase;
			buildActionMask = 2147483647;
			files = (
			);
			runOnlyForDeploymentPostprocessing = 0;
		};
/* End PBXFrameworksBuildPhase section */

/* Begin PBXGroup section */
		B107C0A92B8248BC0016FD7B = {
			isa = PBXGroup;
			children = (
				B12AE1BB2B8DA5750062F93B /* docs */,
				B107C0B42B8248BC0016FD7B /* DealDash */,
				B107C0C52B8248BD0016FD7B /* DealDashTests */,
				B107C0CF2B8248BD0016FD7B /* DealDashUITests */,
				B107C0B32B8248BC0016FD7B /* Products */,
			);
			sourceTree = "<group>";
		};
		B107C0B32B8248BC0016FD7B /* Products */ = {
			isa = PBXGroup;
			children = (
				B107C0B22B8248BC0016FD7B /* DealDash.app */,
				B107C0C22B8248BD0016FD7B /* DealDashTests.xctest */,
				B107C0CC2B8248BD0016FD7B /* DealDashUITests.xctest */,
			);
			name = Products;
			sourceTree = "<group>";
		};
		B107C0B42B8248BC0016FD7B /* DealDash */ = {
			isa = PBXGroup;
			children = (
				B17798042B8459FB0044400E /* Utils */,
				B16997252B825C1C00276991 /* Data */,
				B107C0DF2B8249760016FD7B /* Features */,
				B107C0B52B8248BC0016FD7B /* DealDashApp.swift */,
				B107C0B92B8248BD0016FD7B /* Assets.xcassets */,
				B107C0BB2B8248BD0016FD7B /* Preview Content */,
			);
			path = DealDash;
			sourceTree = "<group>";
		};
		B107C0BB2B8248BD0016FD7B /* Preview Content */ = {
			isa = PBXGroup;
			children = (
				B107C0BC2B8248BD0016FD7B /* Preview Assets.xcassets */,
			);
			path = "Preview Content";
			sourceTree = "<group>";
		};
		B107C0C52B8248BD0016FD7B /* DealDashTests */ = {
			isa = PBXGroup;
			children = (
				B107C0C62B8248BD0016FD7B /* DealDashTests.swift */,
			);
			path = DealDashTests;
			sourceTree = "<group>";
		};
		B107C0CF2B8248BD0016FD7B /* DealDashUITests */ = {
			isa = PBXGroup;
			children = (
				B107C0D02B8248BD0016FD7B /* DealDashUITests.swift */,
				B107C0D22B8248BD0016FD7B /* DealDashUITestsLaunchTests.swift */,
			);
			path = DealDashUITests;
			sourceTree = "<group>";
		};
		B107C0DF2B8249760016FD7B /* Features */ = {
			isa = PBXGroup;
			children = (
				B17E142F2C1448210006FAB2 /* Cart */,
				B186572F2BBFAF33009ADDCA /* Settings */,
				B16EA54A2B8463E400F7D830 /* Products */,
				B16997222B825B0900276991 /* State */,
				B169971B2B824D3700276991 /* Components */,
				B107C0E02B82497D0016FD7B /* Auth */,
			);
			path = Features;
			sourceTree = "<group>";
		};
		B107C0E02B82497D0016FD7B /* Auth */ = {
			isa = PBXGroup;
			children = (
				B16997162B824AE600276991 /* Models */,
				B16997142B824A4E00276991 /* SignInView.swift */,
				B16997192B824BD600276991 /* SignInViewModel.swift */,
			);
			path = Auth;
			sourceTree = "<group>";
		};
		B12AE1B62B8D92030062F93B /* Models */ = {
			isa = PBXGroup;
			children = (
				B12AE1B72B8D92180062F93B /* Product.swift */,
				B17E14342C1448EA0006FAB2 /* CartProduct.swift */,
				B17E14362C145E8F0006FAB2 /* CartAction.swift */,
			);
			path = Models;
			sourceTree = "<group>";
		};
		B12AE1BB2B8DA5750062F93B /* docs */ = {
			isa = PBXGroup;
			children = (
			);
			path = docs;
			sourceTree = "<group>";
		};
		B16997162B824AE600276991 /* Models */ = {
			isa = PBXGroup;
			children = (
				B16997172B824B0400276991 /* SignInRequest.swift */,
				B17797FF2B8456400044400E /* SignInResponse.swift */,
			);
			path = Models;
			sourceTree = "<group>";
		};
		B169971B2B824D3700276991 /* Components */ = {
			isa = PBXGroup;
			children = (
				B169971C2B824D5D00276991 /* PasswordTextField.swift */,
				B169971E2B82521700276991 /* ITextField.swift */,
				B16997202B8253A200276991 /* PrimaryButton.swift */,
				B17E143F2C1468FD0006FAB2 /* HLine.swift */,
				B1A792F42DD2242800059926 /* ErrorView.swift */,
			);
			path = Components;
			sourceTree = "<group>";
		};
		B16997222B825B0900276991 /* State */ = {
			isa = PBXGroup;
			children = (
				B16997232B825B2B00276991 /* ResultWrapper.swift */,
			);
			path = State;
			sourceTree = "<group>";
		};
		B16997252B825C1C00276991 /* Data */ = {
			isa = PBXGroup;
			children = (
				B16997262B825C4700276991 /* NetworkingService.swift */,
				B16997282B825C6300276991 /* ApiEndpoint.swift */,
			);
			path = Data;
			sourceTree = "<group>";
		};
		B16EA54A2B8463E400F7D830 /* Products */ = {
			isa = PBXGroup;
			children = (
				B1D5C8252BB13479002D3EA5 /* ProductInfo */,
				B1D5C8242BB1345D002D3EA5 /* ProductsListing */,
				B12AE1B62B8D92030062F93B /* Models */,
			);
			path = Products;
			sourceTree = "<group>";
		};
		B17798042B8459FB0044400E /* Utils */ = {
			isa = PBXGroup;
			children = (
				B17798072B845A690044400E /* SessionHandler.swift */,
				B17798052B845A090044400E /* Constants.swift */,
				B16EA54D2B8464F200F7D830 /* NavController.swift */,
				B17E14412C1480E70006FAB2 /* CollectionUtils.swift */,
			);
			path = Utils;
			sourceTree = "<group>";
		};
		B17E142F2C1448210006FAB2 /* Cart */ = {
			isa = PBXGroup;
			children = (
				B17E14302C1448360006FAB2 /* CartView.swift */,
				B17E14322C1448500006FAB2 /* CartItemView.swift */,
				B17E14382C1460530006FAB2 /* CartViewModel.swift */,
			);
			path = Cart;
			sourceTree = "<group>";
		};
		B186572F2BBFAF33009ADDCA /* Settings */ = {
			isa = PBXGroup;
			children = (
				B18657302BBFAF48009ADDCA /* SettingsView.swift */,
			);
			path = Settings;
			sourceTree = "<group>";
		};
		B1D5C8242BB1345D002D3EA5 /* ProductsListing */ = {
			isa = PBXGroup;
			children = (
				B12AE1B92B8D95920062F93B /* ProductItem.swift */,
				B12AE1B42B8D90D30062F93B /* ProductsViewModel.swift */,
				B16EA54B2B8463F400F7D830 /* ProductsView.swift */,
			);
			path = ProductsListing;
			sourceTree = "<group>";
		};
		B1D5C8252BB13479002D3EA5 /* ProductInfo */ = {
			isa = PBXGroup;
			children = (
				B1D5C8262BB13494002D3EA5 /* ProductInfoView.swift */,
				B1D5C8282BB134AE002D3EA5 /* ProductInfoViewModel.swift */,
			);
			path = ProductInfo;
			sourceTree = "<group>";
		};
/* End PBXGroup section */

/* Begin PBXNativeTarget section */
		B107C0B12B8248BC0016FD7B /* DealDash */ = {
			isa = PBXNativeTarget;
			buildConfigurationList = B107C0D62B8248BD0016FD7B /* Build configuration list for PBXNativeTarget "DealDash" */;
			buildPhases = (
				B107C0AE2B8248BC0016FD7B /* Sources */,
				B107C0AF2B8248BC0016FD7B /* Frameworks */,
				B107C0B02B8248BC0016FD7B /* Resources */,
			);
			buildRules = (
			);
			dependencies = (
			);
			name = DealDash;
			packageProductDependencies = (
				B16EA5482B84616300F7D830 /* netfox */,
			);
			productName = DealDash;
			productReference = B107C0B22B8248BC0016FD7B /* DealDash.app */;
			productType = "com.apple.product-type.application";
		};
		B107C0C12B8248BD0016FD7B /* DealDashTests */ = {
			isa = PBXNativeTarget;
			buildConfigurationList = B107C0D92B8248BD0016FD7B /* Build configuration list for PBXNativeTarget "DealDashTests" */;
			buildPhases = (
				B107C0BE2B8248BD0016FD7B /* Sources */,
				B107C0BF2B8248BD0016FD7B /* Frameworks */,
				B107C0C02B8248BD0016FD7B /* Resources */,
			);
			buildRules = (
			);
			dependencies = (
				B107C0C42B8248BD0016FD7B /* PBXTargetDependency */,
			);
			name = DealDashTests;
			productName = DealDashTests;
			productReference = B107C0C22B8248BD0016FD7B /* DealDashTests.xctest */;
			productType = "com.apple.product-type.bundle.unit-test";
		};
		B107C0CB2B8248BD0016FD7B /* DealDashUITests */ = {
			isa = PBXNativeTarget;
			buildConfigurationList = B107C0DC2B8248BD0016FD7B /* Build configuration list for PBXNativeTarget "DealDashUITests" */;
			buildPhases = (
				B107C0C82B8248BD0016FD7B /* Sources */,
				B107C0C92B8248BD0016FD7B /* Frameworks */,
				B107C0CA2B8248BD0016FD7B /* Resources */,
			);
			buildRules = (
			);
			dependencies = (
				B107C0CE2B8248BD0016FD7B /* PBXTargetDependency */,
			);
			name = DealDashUITests;
			productName = DealDashUITests;
			productReference = B107C0CC2B8248BD0016FD7B /* DealDashUITests.xctest */;
			productType = "com.apple.product-type.bundle.ui-testing";
		};
/* End PBXNativeTarget section */

/* Begin PBXProject section */
		B107C0AA2B8248BC0016FD7B /* Project object */ = {
			isa = PBXProject;
			attributes = {
				BuildIndependentTargetsInParallel = 1;
				LastSwiftUpdateCheck = 1510;
				LastUpgradeCheck = 1510;
				TargetAttributes = {
					B107C0B12B8248BC0016FD7B = {
						CreatedOnToolsVersion = 15.1;
					};
					B107C0C12B8248BD0016FD7B = {
						CreatedOnToolsVersion = 15.1;
						TestTargetID = B107C0B12B8248BC0016FD7B;
					};
					B107C0CB2B8248BD0016FD7B = {
						CreatedOnToolsVersion = 15.1;
						TestTargetID = B107C0B12B8248BC0016FD7B;
					};
				};
			};
			buildConfigurationList = B107C0AD2B8248BC0016FD7B /* Build configuration list for PBXProject "DealDash" */;
			compatibilityVersion = "Xcode 14.0";
			developmentRegion = en;
			hasScannedForEncodings = 0;
			knownRegions = (
				en,
				Base,
			);
			mainGroup = B107C0A92B8248BC0016FD7B;
			packageReferences = (
				B16EA5472B84616300F7D830 /* XCRemoteSwiftPackageReference "netfox" */,
			);
			productRefGroup = B107C0B32B8248BC0016FD7B /* Products */;
			projectDirPath = "";
			projectRoot = "";
			targets = (
				B107C0B12B8248BC0016FD7B /* DealDash */,
				B107C0C12B8248BD0016FD7B /* DealDashTests */,
				B107C0CB2B8248BD0016FD7B /* DealDashUITests */,
			);
		};
/* End PBXProject section */

/* Begin PBXResourcesBuildPhase section */
		B107C0B02B8248BC0016FD7B /* Resources */ = {
			isa = PBXResourcesBuildPhase;
			buildActionMask = 2147483647;
			files = (
				B107C0BD2B8248BD0016FD7B /* Preview Assets.xcassets in Resources */,
				B107C0BA2B8248BD0016FD7B /* Assets.xcassets in Resources */,
			);
			runOnlyForDeploymentPostprocessing = 0;
		};
		B107C0C02B8248BD0016FD7B /* Resources */ = {
			isa = PBXResourcesBuildPhase;
			buildActionMask = 2147483647;
			files = (
			);
			runOnlyForDeploymentPostprocessing = 0;
		};
		B107C0CA2B8248BD0016FD7B /* Resources */ = {
			isa = PBXResourcesBuildPhase;
			buildActionMask = 2147483647;
			files = (
			);
			runOnlyForDeploymentPostprocessing = 0;
		};
/* End PBXResourcesBuildPhase section */

/* Begin PBXSourcesBuildPhase section */
		B107C0AE2B8248BC0016FD7B /* Sources */ = {
			isa = PBXSourcesBuildPhase;
			buildActionMask = 2147483647;
			files = (
				B18657312BBFAF48009ADDCA /* SettingsView.swift in Sources */,
				B16EA54C2B8463F400F7D830 /* ProductsView.swift in Sources */,
				B16997152B824A4F00276991 /* SignInView.swift in Sources */,
				B1D5C8292BB134AE002D3EA5 /* ProductInfoViewModel.swift in Sources */,
				B12AE1B52B8D90D30062F93B /* ProductsViewModel.swift in Sources */,
				B1A792F52DD2242800059926 /* ErrorView.swift in Sources */,
				B17E14402C1468FD0006FAB2 /* HLine.swift in Sources */,
				B169971D2B824D5D00276991 /* PasswordTextField.swift in Sources */,
				B17E14312C1448360006FAB2 /* CartView.swift in Sources */,
				B1D5C8272BB13494002D3EA5 /* ProductInfoView.swift in Sources */,
				B169971F2B82521700276991 /* ITextField.swift in Sources */,
				B12AE1B82B8D92180062F93B /* Product.swift in Sources */,
				B107C0B62B8248BC0016FD7B /* DealDashApp.swift in Sources */,
				B16997272B825C4700276991 /* NetworkingService.swift in Sources */,
				B17798002B8456400044400E /* SignInResponse.swift in Sources */,
				B17798062B845A090044400E /* Constants.swift in Sources */,
				B16EA54E2B8464F200F7D830 /* NavController.swift in Sources */,
				B17E14352C1448EA0006FAB2 /* CartProduct.swift in Sources */,
				B17E14392C1460530006FAB2 /* CartViewModel.swift in Sources */,
				B16997182B824B0400276991 /* SignInRequest.swift in Sources */,
				B17E14372C145E8F0006FAB2 /* CartAction.swift in Sources */,
				B12AE1BA2B8D95920062F93B /* ProductItem.swift in Sources */,
				B17798082B845A690044400E /* SessionHandler.swift in Sources */,
				B16997292B825C6300276991 /* ApiEndpoint.swift in Sources */,
				B16997242B825B2B00276991 /* ResultWrapper.swift in Sources */,
				B16997212B8253A200276991 /* PrimaryButton.swift in Sources */,
				B17E14422C1480E70006FAB2 /* CollectionUtils.swift in Sources */,
				B169971A2B824BD600276991 /* SignInViewModel.swift in Sources */,
				B17E14332C1448500006FAB2 /* CartItemView.swift in Sources */,
			);
			runOnlyForDeploymentPostprocessing = 0;
		};
		B107C0BE2B8248BD0016FD7B /* Sources */ = {
			isa = PBXSourcesBuildPhase;
			buildActionMask = 2147483647;
			files = (
				B107C0C72B8248BD0016FD7B /* DealDashTests.swift in Sources */,
			);
			runOnlyForDeploymentPostprocessing = 0;
		};
		B107C0C82B8248BD0016FD7B /* Sources */ = {
			isa = PBXSourcesBuildPhase;
			buildActionMask = 2147483647;
			files = (
				B107C0D32B8248BD0016FD7B /* DealDashUITestsLaunchTests.swift in Sources */,
				B107C0D12B8248BD0016FD7B /* DealDashUITests.swift in Sources */,
			);
			runOnlyForDeploymentPostprocessing = 0;
		};
/* End PBXSourcesBuildPhase section */

/* Begin PBXTargetDependency section */
		B107C0C42B8248BD0016FD7B /* PBXTargetDependency */ = {
			isa = PBXTargetDependency;
			target = B107C0B12B8248BC0016FD7B /* DealDash */;
			targetProxy = B107C0C32B8248BD0016FD7B /* PBXContainerItemProxy */;
		};
		B107C0CE2B8248BD0016FD7B /* PBXTargetDependency */ = {
			isa = PBXTargetDependency;
			target = B107C0B12B8248BC0016FD7B /* DealDash */;
			targetProxy = B107C0CD2B8248BD0016FD7B /* PBXContainerItemProxy */;
		};
/* End PBXTargetDependency section */

/* Begin XCBuildConfiguration section */
		B107C0D42B8248BD0016FD7B /* Debug */ = {
			isa = XCBuildConfiguration;
			buildSettings = {
				ALWAYS_SEARCH_USER_PATHS = NO;
				ASSETCATALOG_COMPILER_GENERATE_SWIFT_ASSET_SYMBOL_EXTENSIONS = YES;
				CLANG_ANALYZER_NONNULL = YES;
				CLANG_ANALYZER_NUMBER_OBJECT_CONVERSION = YES_AGGRESSIVE;
				CLANG_CXX_LANGUAGE_STANDARD = "gnu++20";
				CLANG_ENABLE_MODULES = YES;
				CLANG_ENABLE_OBJC_ARC = YES;
				CLANG_ENABLE_OBJC_WEAK = YES;
				CLANG_WARN_BLOCK_CAPTURE_AUTORELEASING = YES;
				CLANG_WARN_BOOL_CONVERSION = YES;
				CLANG_WARN_COMMA = YES;
				CLANG_WARN_CONSTANT_CONVERSION = YES;
				CLANG_WARN_DEPRECATED_OBJC_IMPLEMENTATIONS = YES;
				CLANG_WARN_DIRECT_OBJC_ISA_USAGE = YES_ERROR;
				CLANG_WARN_DOCUMENTATION_COMMENTS = YES;
				CLANG_WARN_EMPTY_BODY = YES;
				CLANG_WARN_ENUM_CONVERSION = YES;
				CLANG_WARN_INFINITE_RECURSION = YES;
				CLANG_WARN_INT_CONVERSION = YES;
				CLANG_WARN_NON_LITERAL_NULL_CONVERSION = YES;
				CLANG_WARN_OBJC_IMPLICIT_RETAIN_SELF = YES;
				CLANG_WARN_OBJC_LITERAL_CONVERSION = YES;
				CLANG_WARN_OBJC_ROOT_CLASS = YES_ERROR;
				CLANG_WARN_QUOTED_INCLUDE_IN_FRAMEWORK_HEADER = YES;
				CLANG_WARN_RANGE_LOOP_ANALYSIS = YES;
				CLANG_WARN_STRICT_PROTOTYPES = YES;
				CLANG_WARN_SUSPICIOUS_MOVE = YES;
				CLANG_WARN_UNGUARDED_AVAILABILITY = YES_AGGRESSIVE;
				CLANG_WARN_UNREACHABLE_CODE = YES;
				CLANG_WARN__DUPLICATE_METHOD_MATCH = YES;
				COPY_PHASE_STRIP = NO;
				DEBUG_INFORMATION_FORMAT = dwarf;
				ENABLE_STRICT_OBJC_MSGSEND = YES;
				ENABLE_TESTABILITY = YES;
				ENABLE_USER_SCRIPT_SANDBOXING = YES;
				GCC_C_LANGUAGE_STANDARD = gnu17;
				GCC_DYNAMIC_NO_PIC = NO;
				GCC_NO_COMMON_BLOCKS = YES;
				GCC_OPTIMIZATION_LEVEL = 0;
				GCC_PREPROCESSOR_DEFINITIONS = (
					"DEBUG=1",
					"$(inherited)",
				);
				GCC_WARN_64_TO_32_BIT_CONVERSION = YES;
				GCC_WARN_ABOUT_RETURN_TYPE = YES_ERROR;
				GCC_WARN_UNDECLARED_SELECTOR = YES;
				GCC_WARN_UNINITIALIZED_AUTOS = YES_AGGRESSIVE;
				GCC_WARN_UNUSED_FUNCTION = YES;
				GCC_WARN_UNUSED_VARIABLE = YES;
				IPHONEOS_DEPLOYMENT_TARGET = 17.2;
				LOCALIZATION_PREFERS_STRING_CATALOGS = YES;
				MTL_ENABLE_DEBUG_INFO = INCLUDE_SOURCE;
				MTL_FAST_MATH = YES;
				ONLY_ACTIVE_ARCH = YES;
				SDKROOT = iphoneos;
				SWIFT_ACTIVE_COMPILATION_CONDITIONS = "DEBUG $(inherited)";
				SWIFT_OPTIMIZATION_LEVEL = "-Onone";
			};
			name = Debug;
		};
		B107C0D52B8248BD0016FD7B /* Release */ = {
			isa = XCBuildConfiguration;
			buildSettings = {
				ALWAYS_SEARCH_USER_PATHS = NO;
				ASSETCATALOG_COMPILER_GENERATE_SWIFT_ASSET_SYMBOL_EXTENSIONS = YES;
				CLANG_ANALYZER_NONNULL = YES;
				CLANG_ANALYZER_NUMBER_OBJECT_CONVERSION = YES_AGGRESSIVE;
				CLANG_CXX_LANGUAGE_STANDARD = "gnu++20";
				CLANG_ENABLE_MODULES = YES;
				CLANG_ENABLE_OBJC_ARC = YES;
				CLANG_ENABLE_OBJC_WEAK = YES;
				CLANG_WARN_BLOCK_CAPTURE_AUTORELEASING = YES;
				CLANG_WARN_BOOL_CONVERSION = YES;
				CLANG_WARN_COMMA = YES;
				CLANG_WARN_CONSTANT_CONVERSION = YES;
				CLANG_WARN_DEPRECATED_OBJC_IMPLEMENTATIONS = YES;
				CLANG_WARN_DIRECT_OBJC_ISA_USAGE = YES_ERROR;
				CLANG_WARN_DOCUMENTATION_COMMENTS = YES;
				CLANG_WARN_EMPTY_BODY = YES;
				CLANG_WARN_ENUM_CONVERSION = YES;
				CLANG_WARN_INFINITE_RECURSION = YES;
				CLANG_WARN_INT_CONVERSION = YES;
				CLANG_WARN_NON_LITERAL_NULL_CONVERSION = YES;
				CLANG_WARN_OBJC_IMPLICIT_RETAIN_SELF = YES;
				CLANG_WARN_OBJC_LITERAL_CONVERSION = YES;
				CLANG_WARN_OBJC_ROOT_CLASS = YES_ERROR;
				CLANG_WARN_QUOTED_INCLUDE_IN_FRAMEWORK_HEADER = YES;
				CLANG_WARN_RANGE_LOOP_ANALYSIS = YES;
				CLANG_WARN_STRICT_PROTOTYPES = YES;
				CLANG_WARN_SUSPICIOUS_MOVE = YES;
				CLANG_WARN_UNGUARDED_AVAILABILITY = YES_AGGRESSIVE;
				CLANG_WARN_UNREACHABLE_CODE = YES;
				CLANG_WARN__DUPLICATE_METHOD_MATCH = YES;
				COPY_PHASE_STRIP = NO;
				DEBUG_INFORMATION_FORMAT = "dwarf-with-dsym";
				ENABLE_NS_ASSERTIONS = NO;
				ENABLE_STRICT_OBJC_MSGSEND = YES;
				ENABLE_USER_SCRIPT_SANDBOXING = YES;
				GCC_C_LANGUAGE_STANDARD = gnu17;
				GCC_NO_COMMON_BLOCKS = YES;
				GCC_WARN_64_TO_32_BIT_CONVERSION = YES;
				GCC_WARN_ABOUT_RETURN_TYPE = YES_ERROR;
				GCC_WARN_UNDECLARED_SELECTOR = YES;
				GCC_WARN_UNINITIALIZED_AUTOS = YES_AGGRESSIVE;
				GCC_WARN_UNUSED_FUNCTION = YES;
				GCC_WARN_UNUSED_VARIABLE = YES;
				IPHONEOS_DEPLOYMENT_TARGET = 17.2;
				LOCALIZATION_PREFERS_STRING_CATALOGS = YES;
				MTL_ENABLE_DEBUG_INFO = NO;
				MTL_FAST_MATH = YES;
				SDKROOT = iphoneos;
				SWIFT_COMPILATION_MODE = wholemodule;
				VALIDATE_PRODUCT = YES;
			};
			name = Release;
		};
		B107C0D72B8248BD0016FD7B /* Debug */ = {
			isa = XCBuildConfiguration;
			buildSettings = {
				ASSETCATALOG_COMPILER_APPICON_NAME = AppIcon;
				ASSETCATALOG_COMPILER_GLOBAL_ACCENT_COLOR_NAME = AccentColor;
				CODE_SIGN_STYLE = Automatic;
				CURRENT_PROJECT_VERSION = 1;
				DEVELOPMENT_ASSET_PATHS = "\"DealDash/Preview Content\"";
				DEVELOPMENT_TEAM = DSJLPP3Y65;
				ENABLE_PREVIEWS = YES;
				GENERATE_INFOPLIST_FILE = YES;
				INFOPLIST_KEY_UIApplicationSceneManifest_Generation = YES;
				INFOPLIST_KEY_UIApplicationSupportsIndirectInputEvents = YES;
				INFOPLIST_KEY_UILaunchScreen_Generation = YES;
				INFOPLIST_KEY_UISupportedInterfaceOrientations_iPad = "UIInterfaceOrientationPortrait UIInterfaceOrientationPortraitUpsideDown UIInterfaceOrientationLandscapeLeft UIInterfaceOrientationLandscapeRight";
				INFOPLIST_KEY_UISupportedInterfaceOrientations_iPhone = "UIInterfaceOrientationPortrait UIInterfaceOrientationLandscapeLeft UIInterfaceOrientationLandscapeRight";
				LD_RUNPATH_SEARCH_PATHS = (
					"$(inherited)",
					"@executable_path/Frameworks",
				);
				MARKETING_VERSION = 1.0;
				PRODUCT_BUNDLE_IDENTIFIER = com.danielwaiguru.DealDash;
				PRODUCT_NAME = "$(TARGET_NAME)";
				SWIFT_EMIT_LOC_STRINGS = YES;
				SWIFT_VERSION = 5.0;
				TARGETED_DEVICE_FAMILY = "1,2";
			};
			name = Debug;
		};
		B107C0D82B8248BD0016FD7B /* Release */ = {
			isa = XCBuildConfiguration;
			buildSettings = {
				ASSETCATALOG_COMPILER_APPICON_NAME = AppIcon;
				ASSETCATALOG_COMPILER_GLOBAL_ACCENT_COLOR_NAME = AccentColor;
				CODE_SIGN_STYLE = Automatic;
				CURRENT_PROJECT_VERSION = 1;
				DEVELOPMENT_ASSET_PATHS = "\"DealDash/Preview Content\"";
				DEVELOPMENT_TEAM = DSJLPP3Y65;
				ENABLE_PREVIEWS = YES;
				GENERATE_INFOPLIST_FILE = YES;
				INFOPLIST_KEY_UIApplicationSceneManifest_Generation = YES;
				INFOPLIST_KEY_UIApplicationSupportsIndirectInputEvents = YES;
				INFOPLIST_KEY_UILaunchScreen_Generation = YES;
				INFOPLIST_KEY_UISupportedInterfaceOrientations_iPad = "UIInterfaceOrientationPortrait UIInterfaceOrientationPortraitUpsideDown UIInterfaceOrientationLandscapeLeft UIInterfaceOrientationLandscapeRight";
				INFOPLIST_KEY_UISupportedInterfaceOrientations_iPhone = "UIInterfaceOrientationPortrait UIInterfaceOrientationLandscapeLeft UIInterfaceOrientationLandscapeRight";
				LD_RUNPATH_SEARCH_PATHS = (
					"$(inherited)",
					"@executable_path/Frameworks",
				);
				MARKETING_VERSION = 1.0;
				PRODUCT_BUNDLE_IDENTIFIER = com.danielwaiguru.DealDash;
				PRODUCT_NAME = "$(TARGET_NAME)";
				SWIFT_EMIT_LOC_STRINGS = YES;
				SWIFT_VERSION = 5.0;
				TARGETED_DEVICE_FAMILY = "1,2";
			};
			name = Release;
		};
		B107C0DA2B8248BD0016FD7B /* Debug */ = {
			isa = XCBuildConfiguration;
			buildSettings = {
				ALWAYS_EMBED_SWIFT_STANDARD_LIBRARIES = YES;
				BUNDLE_LOADER = "$(TEST_HOST)";
				CODE_SIGN_STYLE = Automatic;
				CURRENT_PROJECT_VERSION = 1;
				GENERATE_INFOPLIST_FILE = YES;
				IPHONEOS_DEPLOYMENT_TARGET = 17.2;
				MARKETING_VERSION = 1.0;
				PRODUCT_BUNDLE_IDENTIFIER = com.danielwaiguru.DealDashTests;
				PRODUCT_NAME = "$(TARGET_NAME)";
				SWIFT_EMIT_LOC_STRINGS = NO;
				SWIFT_VERSION = 5.0;
				TARGETED_DEVICE_FAMILY = "1,2";
				TEST_HOST = "$(BUILT_PRODUCTS_DIR)/DealDash.app/$(BUNDLE_EXECUTABLE_FOLDER_PATH)/DealDash";
			};
			name = Debug;
		};
		B107C0DB2B8248BD0016FD7B /* Release */ = {
			isa = XCBuildConfiguration;
			buildSettings = {
				ALWAYS_EMBED_SWIFT_STANDARD_LIBRARIES = YES;
				BUNDLE_LOADER = "$(TEST_HOST)";
				CODE_SIGN_STYLE = Automatic;
				CURRENT_PROJECT_VERSION = 1;
				GENERATE_INFOPLIST_FILE = YES;
				IPHONEOS_DEPLOYMENT_TARGET = 17.2;
				MARKETING_VERSION = 1.0;
				PRODUCT_BUNDLE_IDENTIFIER = com.danielwaiguru.DealDashTests;
				PRODUCT_NAME = "$(TARGET_NAME)";
				SWIFT_EMIT_LOC_STRINGS = NO;
				SWIFT_VERSION = 5.0;
				TARGETED_DEVICE_FAMILY = "1,2";
				TEST_HOST = "$(BUILT_PRODUCTS_DIR)/DealDash.app/$(BUNDLE_EXECUTABLE_FOLDER_PATH)/DealDash";
			};
			name = Release;
		};
		B107C0DD2B8248BD0016FD7B /* Debug */ = {
			isa = XCBuildConfiguration;
			buildSettings = {
				ALWAYS_EMBED_SWIFT_STANDARD_LIBRARIES = YES;
				CODE_SIGN_STYLE = Automatic;
				CURRENT_PROJECT_VERSION = 1;
				GENERATE_INFOPLIST_FILE = YES;
				MARKETING_VERSION = 1.0;
				PRODUCT_BUNDLE_IDENTIFIER = com.danielwaiguru.DealDashUITests;
				PRODUCT_NAME = "$(TARGET_NAME)";
				SWIFT_EMIT_LOC_STRINGS = NO;
				SWIFT_VERSION = 5.0;
				TARGETED_DEVICE_FAMILY = "1,2";
				TEST_TARGET_NAME = DealDash;
			};
			name = Debug;
		};
		B107C0DE2B8248BD0016FD7B /* Release */ = {
			isa = XCBuildConfiguration;
			buildSettings = {
				ALWAYS_EMBED_SWIFT_STANDARD_LIBRARIES = YES;
				CODE_SIGN_STYLE = Automatic;
				CURRENT_PROJECT_VERSION = 1;
				GENERATE_INFOPLIST_FILE = YES;
				MARKETING_VERSION = 1.0;
				PRODUCT_BUNDLE_IDENTIFIER = com.danielwaiguru.DealDashUITests;
				PRODUCT_NAME = "$(TARGET_NAME)";
				SWIFT_EMIT_LOC_STRINGS = NO;
				SWIFT_VERSION = 5.0;
				TARGETED_DEVICE_FAMILY = "1,2";
				TEST_TARGET_NAME = DealDash;
			};
			name = Release;
		};
/* End XCBuildConfiguration section */

/* Begin XCConfigurationList section */
		B107C0AD2B8248BC0016FD7B /* Build configuration list for PBXProject "DealDash" */ = {
			isa = XCConfigurationList;
			buildConfigurations = (
				B107C0D42B8248BD0016FD7B /* Debug */,
				B107C0D52B8248BD0016FD7B /* Release */,
			);
			defaultConfigurationIsVisible = 0;
			defaultConfigurationName = Release;
		};
		B107C0D62B8248BD0016FD7B /* Build configuration list for PBXNativeTarget "DealDash" */ = {
			isa = XCConfigurationList;
			buildConfigurations = (
				B107C0D72B8248BD0016FD7B /* Debug */,
				B107C0D82B8248BD0016FD7B /* Release */,
			);
			defaultConfigurationIsVisible = 0;
			defaultConfigurationName = Release;
		};
		B107C0D92B8248BD0016FD7B /* Build configuration list for PBXNativeTarget "DealDashTests" */ = {
			isa = XCConfigurationList;
			buildConfigurations = (
				B107C0DA2B8248BD0016FD7B /* Debug */,
				B107C0DB2B8248BD0016FD7B /* Release */,
			);
			defaultConfigurationIsVisible = 0;
			defaultConfigurationName = Release;
		};
		B107C0DC2B8248BD0016FD7B /* Build configuration list for PBXNativeTarget "DealDashUITests" */ = {
			isa = XCConfigurationList;
			buildConfigurations = (
				B107C0DD2B8248BD0016FD7B /* Debug */,
				B107C0DE2B8248BD0016FD7B /* Release */,
			);
			defaultConfigurationIsVisible = 0;
			defaultConfigurationName = Release;
		};
/* End XCConfigurationList section */

/* Begin XCRemoteSwiftPackageReference section */
		B16EA5472B84616300F7D830 /* XCRemoteSwiftPackageReference "netfox" */ = {
			isa = XCRemoteSwiftPackageReference;
			repositoryURL = "https://github.com/kasketis/netfox";
			requirement = {
				kind = upToNextMajorVersion;
				minimumVersion = 1.21.0;
			};
		};
/* End XCRemoteSwiftPackageReference section */

/* Begin XCSwiftPackageProductDependency section */
		B16EA5482B84616300F7D830 /* netfox */ = {
			isa = XCSwiftPackageProductDependency;
			package = B16EA5472B84616300F7D830 /* XCRemoteSwiftPackageReference "netfox" */;
			productName = netfox;
		};
/* End XCSwiftPackageProductDependency section */
	};
	rootObject = B107C0AA2B8248BC0016FD7B /* Project object */;
}
